
Microsoft Visual Studio Solution File, Format Version 12.00
# Visual Studio Version 17
VisualStudioVersion = 17.7.34031.279
MinimumVisualStudioVersion = 10.0.40219.1
Project("{FAE04EC0-301F-11D3-BF4B-00C04F79EFBC}") = "Vezba2.1.c", "Vezba2.1.c.csproj", "{35675D9B-4B01-467E-92F4-553E5F24DE6C}"
EndProject
Global
	GlobalSection(SolutionConfigurationPlatforms) = preSolution
		Debug|Any CPU = Debug|Any CPU
		Release|Any CPU = Release|Any CPU
	EndGlobalSection
	GlobalSection(ProjectConfigurationPlatforms) = postSolution
		{35675D9B-4B01-467E-92F4-553E5F24DE6C}.Debug|Any CPU.ActiveCfg = Debug|Any CPU
		{35675D9B-4B01-467E-92F4-553E5F24DE6C}.Debug|Any CPU.Build.0 = Debug|Any CPU
		{35675D9B-4B01-467E-92F4-553E5F24DE6C}.Release|Any CPU.ActiveCfg = Release|Any CPU
		{35675D9B-4B01-467E-92F4-553E5F24DE6C}.Release|Any CPU.Build.0 = Release|Any CPU
	EndGlobalSection
	GlobalSection(SolutionProperties) = preSolution
		HideSolutionNode = FALSE
	EndGlobalSection
	GlobalSection(ExtensibilityGlobals) = postSolution
		SolutionGuid = {3899314E-1F03-4F3B-B54A-9ADC29EE5E28}
	EndGlobalSection
EndGlobal
